// !$*UTF8*$!
{
	archiveVersion = 1;
	classes = {
	};
	objectVersion = 56;
	objects = {

/* Begin PBXBuildFile section */
		04E0C4A67F371242AE225035 /* FoodRepository.swift in Sources */ = {isa = PBXBuildFile; fileRef = CE5619556F1FD14E0E27A1A1 /* FoodRepository.swift */; };
		0A03BD95DB5AAD09E22502A5 /* ProfileCoordinator.swift in Sources */ = {isa = PBXBuildFile; fileRef = 2538FE05C6AD46EB43336F8A /* ProfileCoordinator.swift */; };
		271DE4905BCF32AF54D6EE5C /* CartCoordinator.swift in Sources */ = {isa = PBXBuildFile; fileRef = 9FD5252E9A1CD1133CF11657 /* CartCoordinator.swift */; };
		284AA4D8E56362D6C2EA04E0 /* HomeCoordinator.swift in Sources */ = {isa = PBXBuildFile; fileRef = F29BA8622B08F2CBEC062B2B /* HomeCoordinator.swift */; };
		359ABD83B7C7D875F80C248B /* NetworkService.swift in Sources */ = {isa = PBXBuildFile; fileRef = 9F7AB10DEEAFDB8AA599FC95 /* NetworkService.swift */; };
		52B119FF23E4226D87674778 /* LoginViewController.swift in Sources */ = {isa = PBXBuildFile; fileRef = ED275E75F742483687B05982 /* LoginViewController.swift */; };
		54A3E2C9281E9A17A2396083 /* FavoriteFoodCell.swift in Sources */ = {isa = PBXBuildFile; fileRef = F9231D285C9BD2A80D3BD5C2 /* FavoriteFoodCell.swift */; };
		57BCD42C396A1C19ED362613 /* RegisterViewModel.swift in Sources */ = {isa = PBXBuildFile; fileRef = B9D21B2D3AFE802C98C96F7D /* RegisterViewModel.swift */; };
		584E725F519E6B525FD81FAD /* LoginViewModel.swift in Sources */ = {isa = PBXBuildFile; fileRef = 8BA3A5113E487150F90831D4 /* LoginViewModel.swift */; };
		59E86F93E7F7E5D505CB73F4 /* CartViewModel.swift in Sources */ = {isa = PBXBuildFile; fileRef = 6A7009CE10AD4323148B5EB7 /* CartViewModel.swift */; };
		5CAEF5549D7A868C46463344 /* FavoritesRepository.swift in Sources */ = {isa = PBXBuildFile; fileRef = 58724C2D0D195FB926FC6BB4 /* FavoritesRepository.swift */; };
		5E3C056355EF63F379F3A8D4 /* RegisterViewController.swift in Sources */ = {isa = PBXBuildFile; fileRef = 0310FC887F4ECC853DD13A9C /* RegisterViewController.swift */; };
		76AFBABEC776A7310EB6C957 /* FavoritesViewModel.swift in Sources */ = {isa = PBXBuildFile; fileRef = EF53BC424418C9FA0F940CA3 /* FavoritesViewModel.swift */; };
		78752379D7A198F91C7EE6C2 /* FoodCell.swift in Sources */ = {isa = PBXBuildFile; fileRef = C6F17DA4094FD2CD80AFDDA1 /* FoodCell.swift */; };
		78B45A0225E89B04092522AD /* FoodDetailViewController.swift in Sources */ = {isa = PBXBuildFile; fileRef = F6BEFD268C7F8934CD27E3C0 /* FoodDetailViewController.swift */; };
		8674C9F799DE4DF09130FF17 /* Food.swift in Sources */ = {isa = PBXBuildFile; fileRef = 24567F3665384F5DC2B0E880 /* Food.swift */; };
		987E48EEE5E1FBD42DE304D9 /* HomeViewModel.swift in Sources */ = {isa = PBXBuildFile; fileRef = D4527DD99108C2F4C6596B91 /* HomeViewModel.swift */; };
		9D0CDC12C6120767CACB7A47 /* CartItemCell.swift in Sources */ = {isa = PBXBuildFile; fileRef = 20665F83E135B93015CE89DE /* CartItemCell.swift */; };
		BB95FAF19B60BBC26093B14E /* ProfileViewController.swift in Sources */ = {isa = PBXBuildFile; fileRef = BEC393360B2D0CBD68962A73 /* ProfileViewController.swift */; };
		C4A1781FC601CAC4703F1E1A /* ProfileViewModel.swift in Sources */ = {isa = PBXBuildFile; fileRef = 16B9C08E9DFCFEA9CFF682EE /* ProfileViewModel.swift */; };
		CDD7F9A956AE23D9C92A7B5F /* AppCoordinator.swift in Sources */ = {isa = PBXBuildFile; fileRef = DA2C8BD7ADE00CAECD6A7631 /* AppCoordinator.swift */; };
		D22DE626DBE77F684FEA64E3 /* CartViewController.swift in Sources */ = {isa = PBXBuildFile; fileRef = C624A7D6FAE90D420A1EE505 /* CartViewController.swift */; };
		D3795DF2C8336371AD6F7DF6 /* CartRepository.swift in Sources */ = {isa = PBXBuildFile; fileRef = E7C3C1BF6FE3FCF28D9D33F3 /* CartRepository.swift */; };
		D5976EFB55FB8A16EBF00FD9 /* FoodDetailViewModel.swift in Sources */ = {isa = PBXBuildFile; fileRef = DBDFC331739DAC2E435703D5 /* FoodDetailViewModel.swift */; };
		DA34724028677476A99B2CAE /* FoodDetailCoordinator.swift in Sources */ = {isa = PBXBuildFile; fileRef = 71C62A9F07E2EB0274F77E1D /* FoodDetailCoordinator.swift */; };
		E92AA0848FE41217E699D193 /* TabBarCoordinator.swift in Sources */ = {isa = PBXBuildFile; fileRef = D7167F4D188AE9481959F339 /* TabBarCoordinator.swift */; };
		EA2D3190B19AF0945D56D155 /* HomeViewController.swift in Sources */ = {isa = PBXBuildFile; fileRef = 705C3928741CE9EBAB51F0CC /* HomeViewController.swift */; };
		EB926A8907FCFEFEF9504A3A /* AuthCoordinator.swift in Sources */ = {isa = PBXBuildFile; fileRef = 6077155D4FC0E5985D6EDCFE /* AuthCoordinator.swift */; };
		EC83DE605FB33A181CC5CFE2 /* Coordinator.swift in Sources */ = {isa = PBXBuildFile; fileRef = B8241E2F2296711BA47C8D6A /* Coordinator.swift */; };
		EC8915E67926F06D391CF68B /* FavoritesCoordinator.swift in Sources */ = {isa = PBXBuildFile; fileRef = 078D79AD8337A868EC86724A /* FavoritesCoordinator.swift */; };
		F1B51D1B3DAFF95D9547C14D /* SliderCell.swift in Sources */ = {isa = PBXBuildFile; fileRef = 0919204C29AE0D863DD1541E /* SliderCell.swift */; };
		F5002B7128DE5CB600E9A491 /* AppDelegate.swift in Sources */ = {isa = PBXBuildFile; fileRef = F5002B7028DE5CB600E9A491 /* AppDelegate.swift */; };
		F5002B7328DE5CB600E9A491 /* SceneDelegate.swift in Sources */ = {isa = PBXBuildFile; fileRef = F5002B7228DE5CB600E9A491 /* SceneDelegate.swift */; };
		F5002B7528DE5CB600E9A491 /* SplashScreenVC.swift in Sources */ = {isa = PBXBuildFile; fileRef = F5002B7428DE5CB600E9A491 /* SplashScreenVC.swift */; };
		F5002B7A28DE5CB600E9A491 /* Assets.xcassets in Resources */ = {isa = PBXBuildFile; fileRef = F5002B7928DE5CB600E9A491 /* Assets.xcassets */; };
		F5002B7D28DE5CB600E9A491 /* LaunchScreen.storyboard in Resources */ = {isa = PBXBuildFile; fileRef = F5002B7B28DE5CB600E9A491 /* LaunchScreen.storyboard */; };
		F514DD1D28E462B200A7712F /* WelcomeViewController.swift in Sources */ = {isa = PBXBuildFile; fileRef = F514DD1C28E462B200A7712F /* WelcomeViewController.swift */; };
		F514DD1F28E4699F00A7712F /* hii.json in Resources */ = {isa = PBXBuildFile; fileRef = F514DD1E28E4699F00A7712F /* hii.json */; };
		F514DD2428E4B3C300A7712F /* account.json in Resources */ = {isa = PBXBuildFile; fileRef = F514DD2228E4B3C300A7712F /* account.json */; };
		F514DD2528E4B3C300A7712F /* party.json in Resources */ = {isa = PBXBuildFile; fileRef = F514DD2328E4B3C300A7712F /* party.json */; };
		F514DD2B28E4E6D500A7712F /* lock.json in Resources */ = {isa = PBXBuildFile; fileRef = F514DD2A28E4E6D500A7712F /* lock.json */; };
		F538EA8928DF0F5F0087E4EE /* Lottie in Frameworks */ = {isa = PBXBuildFile; productRef = F538EA8828DF0F5F0087E4EE /* Lottie */; };
		F561BD6B28E9CEB30010B920 /* deliveryBike.json in Resources */ = {isa = PBXBuildFile; fileRef = F561BD6A28E9CEB30010B920 /* deliveryBike.json */; };
		F564C08728DFA82100282EEE /* burger.json in Resources */ = {isa = PBXBuildFile; fileRef = F564C08628DFA82100282EEE /* burger.json */; };
		F564C08B28DFAFA700282EEE /* OnBoardingVC.swift in Sources */ = {isa = PBXBuildFile; fileRef = F564C08A28DFAFA700282EEE /* OnBoardingVC.swift */; };
		F564C08D28DFAFD300282EEE /* OnBoardingSlide.swift in Sources */ = {isa = PBXBuildFile; fileRef = F564C08C28DFAFD300282EEE /* OnBoardingSlide.swift */; };
		F58B39D028E0812700C4ED62 /* motorcycleDelivery.json in Resources */ = {isa = PBXBuildFile; fileRef = F58B39CB28E0812700C4ED62 /* motorcycleDelivery.json */; };
		F58B39D128E0812700C4ED62 /* order.json in Resources */ = {isa = PBXBuildFile; fileRef = F58B39CC28E0812700C4ED62 /* order.json */; };
		F58B39D228E0812700C4ED62 /* deliveryGuyOrder.json in Resources */ = {isa = PBXBuildFile; fileRef = F58B39CD28E0812700C4ED62 /* deliveryGuyOrder.json */; };
		F58B39D328E0812700C4ED62 /* orderFood.json in Resources */ = {isa = PBXBuildFile; fileRef = F58B39CE28E0812700C4ED62 /* orderFood.json */; };
		F58B39D628E08F7400C4ED62 /* discount.json in Resources */ = {isa = PBXBuildFile; fileRef = F58B39D528E08F7400C4ED62 /* discount.json */; };
		F58CD14328E5C2720013D644 /* GoogleService-Info.plist in Resources */ = {isa = PBXBuildFile; fileRef = F58CD14228E5C2720013D644 /* GoogleService-Info.plist */; };
		F58CD14928E5CC6D0013D644 /* FirebaseAnalytics in Frameworks */ = {isa = PBXBuildFile; productRef = F58CD14828E5CC6D0013D644 /* FirebaseAnalytics */; };
		F58CD14B28E5CC6D0013D644 /* FirebaseAuth in Frameworks */ = {isa = PBXBuildFile; productRef = F58CD14A28E5CC6D0013D644 /* FirebaseAuth */; };
		F58CD14D28E5CC6D0013D644 /* FirebaseDatabase in Frameworks */ = {isa = PBXBuildFile; productRef = F58CD14C28E5CC6D0013D644 /* FirebaseDatabase */; };
		F58CD16128E62B280013D644 /* TabBarController.swift in Sources */ = {isa = PBXBuildFile; fileRef = F58CD16028E62B280013D644 /* TabBarController.swift */; };
		F59377AD28E73EE500BF51C1 /* Kingfisher in Frameworks */ = {isa = PBXBuildFile; productRef = F59377AC28E73EE500BF51C1 /* Kingfisher */; };
		F59377B028E73F0E00BF51C1 /* Alamofire in Frameworks */ = {isa = PBXBuildFile; productRef = F59377AF28E73F0E00BF51C1 /* Alamofire */; };
		F59377B228E7437200BF51C1 /* AllFood.swift in Sources */ = {isa = PBXBuildFile; fileRef = F59377B128E7437200BF51C1 /* AllFood.swift */; };
		F59377B428E743B100BF51C1 /* CartFood.swift in Sources */ = {isa = PBXBuildFile; fileRef = F59377B328E743B100BF51C1 /* CartFood.swift */; };
		F59377B628E746FB00BF51C1 /* AllFoodResponse.swift in Sources */ = {isa = PBXBuildFile; fileRef = F59377B528E746FB00BF51C1 /* AllFoodResponse.swift */; };
		F59377B828E7475400BF51C1 /* CartFoodResponse.swift in Sources */ = {isa = PBXBuildFile; fileRef = F59377B728E7475400BF51C1 /* CartFoodResponse.swift */; };
		F596139528EA3FE500C6F7B9 /* tik.json in Resources */ = {isa = PBXBuildFile; fileRef = F596139428EA3FE500C6F7B9 /* tik.json */; };
		F5DFCDF12C42F24500600D05 /* OnBoardingCell.swift in Sources */ = {isa = PBXBuildFile; fileRef = F5DFCDEF2C42F24500600D05 /* OnBoardingCell.swift */; };
		F5DFCDF42C42F5F500600D05 /* ItemsList.swift in Sources */ = {isa = PBXBuildFile; fileRef = F5DFCDF32C42F5F500600D05 /* ItemsList.swift */; };
		F5DFCDF62C42F80A00600D05 /* DetailPageEntity.swift in Sources */ = {isa = PBXBuildFile; fileRef = F5DFCDF52C42F80A00600D05 /* DetailPageEntity.swift */; };
		FF7B88CF217351D221DF58F3 /* FavoritesViewController.swift in Sources */ = {isa = PBXBuildFile; fileRef = F02C970F46916E187A505751 /* FavoritesViewController.swift */; };
/* End PBXBuildFile section */

/* Begin PBXFileReference section */
		0310FC887F4ECC853DD13A9C /* RegisterViewController.swift */ = {isa = PBXFileReference; includeInIndex = 1; lastKnownFileType = sourcecode.swift; name = RegisterViewController.swift; path = Gurme/Scenes/Auth/Register/RegisterViewController.swift; sourceTree = SOURCE_ROOT; };
		078D79AD8337A868EC86724A /* FavoritesCoordinator.swift */ = {isa = PBXFileReference; includeInIndex = 1; lastKnownFileType = sourcecode.swift; name = FavoritesCoordinator.swift; path = Gurme/Coordinators/FavoritesCoordinator.swift; sourceTree = SOURCE_ROOT; };
		0919204C29AE0D863DD1541E /* SliderCell.swift */ = {isa = PBXFileReference; includeInIndex = 1; lastKnownFileType = sourcecode.swift; name = SliderCell.swift; path = Gurme/Scenes/Home/Cells/SliderCell.swift; sourceTree = SOURCE_ROOT; };
		16B9C08E9DFCFEA9CFF682EE /* ProfileViewModel.swift */ = {isa = PBXFileReference; includeInIndex = 1; lastKnownFileType = sourcecode.swift; name = ProfileViewModel.swift; path = Gurme/Scenes/Profile/ProfileViewModel.swift; sourceTree = SOURCE_ROOT; };
		20665F83E135B93015CE89DE /* CartItemCell.swift */ = {isa = PBXFileReference; includeInIndex = 1; lastKnownFileType = sourcecode.swift; name = CartItemCell.swift; path = Gurme/Scenes/Cart/Cells/CartItemCell.swift; sourceTree = SOURCE_ROOT; };
		24567F3665384F5DC2B0E880 /* Food.swift */ = {isa = PBXFileReference; includeInIndex = 1; lastKnownFileType = sourcecode.swift; name = Food.swift; path = Gurme/Models/Food.swift; sourceTree = SOURCE_ROOT; };
		2538FE05C6AD46EB43336F8A /* ProfileCoordinator.swift */ = {isa = PBXFileReference; includeInIndex = 1; lastKnownFileType = sourcecode.swift; name = ProfileCoordinator.swift; path = Gurme/Coordinators/ProfileCoordinator.swift; sourceTree = SOURCE_ROOT; };
		58724C2D0D195FB926FC6BB4 /* FavoritesRepository.swift */ = {isa = PBXFileReference; includeInIndex = 1; lastKnownFileType = sourcecode.swift; name = FavoritesRepository.swift; path = Gurme/Repository/FavoritesRepository.swift; sourceTree = SOURCE_ROOT; };
		6077155D4FC0E5985D6EDCFE /* AuthCoordinator.swift */ = {isa = PBXFileReference; includeInIndex = 1; lastKnownFileType = sourcecode.swift; name = AuthCoordinator.swift; path = Gurme/Coordinators/AuthCoordinator.swift; sourceTree = SOURCE_ROOT; };
		6A7009CE10AD4323148B5EB7 /* CartViewModel.swift */ = {isa = PBXFileReference; includeInIndex = 1; lastKnownFileType = sourcecode.swift; name = CartViewModel.swift; path = Gurme/Scenes/Cart/CartViewModel.swift; sourceTree = SOURCE_ROOT; };
		705C3928741CE9EBAB51F0CC /* HomeViewController.swift */ = {isa = PBXFileReference; includeInIndex = 1; lastKnownFileType = sourcecode.swift; name = HomeViewController.swift; path = Gurme/Scenes/Home/HomeViewController.swift; sourceTree = SOURCE_ROOT; };
		71C62A9F07E2EB0274F77E1D /* FoodDetailCoordinator.swift */ = {isa = PBXFileReference; includeInIndex = 1; lastKnownFileType = sourcecode.swift; name = FoodDetailCoordinator.swift; path = Gurme/Coordinators/FoodDetailCoordinator.swift; sourceTree = SOURCE_ROOT; };
		8BA3A5113E487150F90831D4 /* LoginViewModel.swift */ = {isa = PBXFileReference; includeInIndex = 1; lastKnownFileType = sourcecode.swift; name = LoginViewModel.swift; path = Gurme/Scenes/Auth/Login/LoginViewModel.swift; sourceTree = SOURCE_ROOT; };
		9F7AB10DEEAFDB8AA599FC95 /* NetworkService.swift */ = {isa = PBXFileReference; includeInIndex = 1; lastKnownFileType = sourcecode.swift; name = NetworkService.swift; path = Gurme/Core/Network/NetworkService.swift; sourceTree = SOURCE_ROOT; };
		9FD5252E9A1CD1133CF11657 /* CartCoordinator.swift */ = {isa = PBXFileReference; includeInIndex = 1; lastKnownFileType = sourcecode.swift; name = CartCoordinator.swift; path = Gurme/Coordinators/CartCoordinator.swift; sourceTree = SOURCE_ROOT; };
		B8241E2F2296711BA47C8D6A /* Coordinator.swift */ = {isa = PBXFileReference; includeInIndex = 1; lastKnownFileType = sourcecode.swift; name = Coordinator.swift; path = Gurme/Core/Coordinator/Coordinator.swift; sourceTree = SOURCE_ROOT; };
		B9D21B2D3AFE802C98C96F7D /* RegisterViewModel.swift */ = {isa = PBXFileReference; includeInIndex = 1; lastKnownFileType = sourcecode.swift; name = RegisterViewModel.swift; path = Gurme/Scenes/Auth/Register/RegisterViewModel.swift; sourceTree = SOURCE_ROOT; };
		BEC393360B2D0CBD68962A73 /* ProfileViewController.swift */ = {isa = PBXFileReference; includeInIndex = 1; lastKnownFileType = sourcecode.swift; name = ProfileViewController.swift; path = Gurme/Scenes/Profile/ProfileViewController.swift; sourceTree = SOURCE_ROOT; };
		C624A7D6FAE90D420A1EE505 /* CartViewController.swift */ = {isa = PBXFileReference; includeInIndex = 1; lastKnownFileType = sourcecode.swift; name = CartViewController.swift; path = Gurme/Scenes/Cart/CartViewController.swift; sourceTree = SOURCE_ROOT; };
		C6F17DA4094FD2CD80AFDDA1 /* FoodCell.swift */ = {isa = PBXFileReference; includeInIndex = 1; lastKnownFileType = sourcecode.swift; name = FoodCell.swift; path = Gurme/Scenes/Home/Cells/FoodCell.swift; sourceTree = SOURCE_ROOT; };
		CE5619556F1FD14E0E27A1A1 /* FoodRepository.swift */ = {isa = PBXFileReference; includeInIndex = 1; lastKnownFileType = sourcecode.swift; name = FoodRepository.swift; path = Gurme/Repository/FoodRepository.swift; sourceTree = SOURCE_ROOT; };
		D4527DD99108C2F4C6596B91 /* HomeViewModel.swift */ = {isa = PBXFileReference; includeInIndex = 1; lastKnownFileType = sourcecode.swift; name = HomeViewModel.swift; path = Gurme/Scenes/Home/HomeViewModel.swift; sourceTree = SOURCE_ROOT; };
		D7167F4D188AE9481959F339 /* TabBarCoordinator.swift */ = {isa = PBXFileReference; includeInIndex = 1; lastKnownFileType = sourcecode.swift; name = TabBarCoordinator.swift; path = Gurme/Coordinators/TabBarCoordinator.swift; sourceTree = SOURCE_ROOT; };
		DA2C8BD7ADE00CAECD6A7631 /* AppCoordinator.swift */ = {isa = PBXFileReference; includeInIndex = 1; lastKnownFileType = sourcecode.swift; name = AppCoordinator.swift; path = Gurme/Coordinators/AppCoordinator.swift; sourceTree = SOURCE_ROOT; };
		DBDFC331739DAC2E435703D5 /* FoodDetailViewModel.swift */ = {isa = PBXFileReference; includeInIndex = 1; lastKnownFileType = sourcecode.swift; name = FoodDetailViewModel.swift; path = Gurme/Scenes/FoodDetail/FoodDetailViewModel.swift; sourceTree = SOURCE_ROOT; };
		E7C3C1BF6FE3FCF28D9D33F3 /* CartRepository.swift */ = {isa = PBXFileReference; includeInIndex = 1; lastKnownFileType = sourcecode.swift; name = CartRepository.swift; path = Gurme/Repository/CartRepository.swift; sourceTree = SOURCE_ROOT; };
		ED275E75F742483687B05982 /* LoginViewController.swift */ = {isa = PBXFileReference; includeInIndex = 1; lastKnownFileType = sourcecode.swift; name = LoginViewController.swift; path = Gurme/Scenes/Auth/Login/LoginViewController.swift; sourceTree = SOURCE_ROOT; };
		EF53BC424418C9FA0F940CA3 /* FavoritesViewModel.swift */ = {isa = PBXFileReference; includeInIndex = 1; lastKnownFileType = sourcecode.swift; name = FavoritesViewModel.swift; path = Gurme/Scenes/Favorites/FavoritesViewModel.swift; sourceTree = SOURCE_ROOT; };
		F02C970F46916E187A505751 /* FavoritesViewController.swift */ = {isa = PBXFileReference; includeInIndex = 1; lastKnownFileType = sourcecode.swift; name = FavoritesViewController.swift; path = Gurme/Scenes/Favorites/FavoritesViewController.swift; sourceTree = SOURCE_ROOT; };
		F29BA8622B08F2CBEC062B2B /* HomeCoordinator.swift */ = {isa = PBXFileReference; includeInIndex = 1; lastKnownFileType = sourcecode.swift; name = HomeCoordinator.swift; path = Gurme/Coordinators/HomeCoordinator.swift; sourceTree = SOURCE_ROOT; };
		F5002B6D28DE5CB600E9A491 /* Gurme.app */ = {isa = PBXFileReference; explicitFileType = wrapper.application; includeInIndex = 0; path = Gurme.app; sourceTree = BUILT_PRODUCTS_DIR; };
		F5002B7028DE5CB600E9A491 /* AppDelegate.swift */ = {isa = PBXFileReference; lastKnownFileType = sourcecode.swift; path = AppDelegate.swift; sourceTree = "<group>"; };
		F5002B7228DE5CB600E9A491 /* SceneDelegate.swift */ = {isa = PBXFileReference; lastKnownFileType = sourcecode.swift; path = SceneDelegate.swift; sourceTree = "<group>"; };
		F5002B7428DE5CB600E9A491 /* SplashScreenVC.swift */ = {isa = PBXFileReference; lastKnownFileType = sourcecode.swift; path = SplashScreenVC.swift; sourceTree = "<group>"; };
		F5002B7928DE5CB600E9A491 /* Assets.xcassets */ = {isa = PBXFileReference; lastKnownFileType = folder.assetcatalog; path = Assets.xcassets; sourceTree = "<group>"; };
		F5002B7C28DE5CB600E9A491 /* Base */ = {isa = PBXFileReference; lastKnownFileType = file.storyboard; name = Base; path = Base.lproj/LaunchScreen.storyboard; sourceTree = "<group>"; };
		F5002B7E28DE5CB600E9A491 /* Info.plist */ = {isa = PBXFileReference; lastKnownFileType = text.plist.xml; path = Info.plist; sourceTree = "<group>"; };
		F514DD1C28E462B200A7712F /* WelcomeViewController.swift */ = {isa = PBXFileReference; lastKnownFileType = sourcecode.swift; path = WelcomeViewController.swift; sourceTree = "<group>"; };
		F514DD1E28E4699F00A7712F /* hii.json */ = {isa = PBXFileReference; fileEncoding = 4; lastKnownFileType = text.json; path = hii.json; sourceTree = "<group>"; };
		F514DD2228E4B3C300A7712F /* account.json */ = {isa = PBXFileReference; fileEncoding = 4; lastKnownFileType = text.json; path = account.json; sourceTree = "<group>"; };
		F514DD2328E4B3C300A7712F /* party.json */ = {isa = PBXFileReference; fileEncoding = 4; lastKnownFileType = text.json; path = party.json; sourceTree = "<group>"; };
		F514DD2A28E4E6D500A7712F /* lock.json */ = {isa = PBXFileReference; fileEncoding = 4; lastKnownFileType = text.json; path = lock.json; sourceTree = "<group>"; };
		F561BD6A28E9CEB30010B920 /* deliveryBike.json */ = {isa = PBXFileReference; fileEncoding = 4; lastKnownFileType = text.json; path = deliveryBike.json; sourceTree = "<group>"; };
		F564C08628DFA82100282EEE /* burger.json */ = {isa = PBXFileReference; fileEncoding = 4; lastKnownFileType = text.json; path = burger.json; sourceTree = "<group>"; };
		F564C08A28DFAFA700282EEE /* OnBoardingVC.swift */ = {isa = PBXFileReference; lastKnownFileType = sourcecode.swift; path = OnBoardingVC.swift; sourceTree = "<group>"; };
		F564C08C28DFAFD300282EEE /* OnBoardingSlide.swift */ = {isa = PBXFileReference; lastKnownFileType = sourcecode.swift; path = OnBoardingSlide.swift; sourceTree = "<group>"; };
		F58B39CB28E0812700C4ED62 /* motorcycleDelivery.json */ = {isa = PBXFileReference; fileEncoding = 4; lastKnownFileType = text.json; path = motorcycleDelivery.json; sourceTree = "<group>"; };
		F58B39CC28E0812700C4ED62 /* order.json */ = {isa = PBXFileReference; fileEncoding = 4; lastKnownFileType = text.json; path = order.json; sourceTree = "<group>"; };
		F58B39CD28E0812700C4ED62 /* deliveryGuyOrder.json */ = {isa = PBXFileReference; fileEncoding = 4; lastKnownFileType = text.json; path = deliveryGuyOrder.json; sourceTree = "<group>"; };
		F58B39CE28E0812700C4ED62 /* orderFood.json */ = {isa = PBXFileReference; fileEncoding = 4; lastKnownFileType = text.json; path = orderFood.json; sourceTree = "<group>"; };
		F58B39D528E08F7400C4ED62 /* discount.json */ = {isa = PBXFileReference; fileEncoding = 4; lastKnownFileType = text.json; path = discount.json; sourceTree = "<group>"; };
		F58CD14228E5C2720013D644 /* GoogleService-Info.plist */ = {isa = PBXFileReference; fileEncoding = 4; lastKnownFileType = text.plist.xml; path = "GoogleService-Info.plist"; sourceTree = "<group>"; };
		F58CD16028E62B280013D644 /* TabBarController.swift */ = {isa = PBXFileReference; lastKnownFileType = sourcecode.swift; path = TabBarController.swift; sourceTree = "<group>"; };
		F59377B128E7437200BF51C1 /* AllFood.swift */ = {isa = PBXFileReference; lastKnownFileType = sourcecode.swift; path = AllFood.swift; sourceTree = "<group>"; };
		F59377B328E743B100BF51C1 /* CartFood.swift */ = {isa = PBXFileReference; lastKnownFileType = sourcecode.swift; path = CartFood.swift; sourceTree = "<group>"; };
		F59377B528E746FB00BF51C1 /* AllFoodResponse.swift */ = {isa = PBXFileReference; lastKnownFileType = sourcecode.swift; path = AllFoodResponse.swift; sourceTree = "<group>"; };
		F59377B728E7475400BF51C1 /* CartFoodResponse.swift */ = {isa = PBXFileReference; lastKnownFileType = sourcecode.swift; path = CartFoodResponse.swift; sourceTree = "<group>"; };
		F596139428EA3FE500C6F7B9 /* tik.json */ = {isa = PBXFileReference; fileEncoding = 4; lastKnownFileType = text.json; path = tik.json; sourceTree = "<group>"; };
		F5DFCDEF2C42F24500600D05 /* OnBoardingCell.swift */ = {isa = PBXFileReference; fileEncoding = 4; lastKnownFileType = sourcecode.swift; path = OnBoardingCell.swift; sourceTree = "<group>"; };
		F5DFCDF32C42F5F500600D05 /* ItemsList.swift */ = {isa = PBXFileReference; lastKnownFileType = sourcecode.swift; path = ItemsList.swift; sourceTree = "<group>"; };
		F5DFCDF52C42F80A00600D05 /* DetailPageEntity.swift */ = {isa = PBXFileReference; lastKnownFileType = sourcecode.swift; path = DetailPageEntity.swift; sourceTree = "<group>"; };
		F6BEFD268C7F8934CD27E3C0 /* FoodDetailViewController.swift */ = {isa = PBXFileReference; includeInIndex = 1; lastKnownFileType = sourcecode.swift; name = FoodDetailViewController.swift; path = Gurme/Scenes/FoodDetail/FoodDetailViewController.swift; sourceTree = SOURCE_ROOT; };
		F9231D285C9BD2A80D3BD5C2 /* FavoriteFoodCell.swift */ = {isa = PBXFileReference; includeInIndex = 1; lastKnownFileType = sourcecode.swift; name = FavoriteFoodCell.swift; path = Gurme/Scenes/Favorites/Cells/FavoriteFoodCell.swift; sourceTree = SOURCE_ROOT; };
/* End PBXFileReference section */

/* Begin PBXFrameworksBuildPhase section */
		F5002B6A28DE5CB600E9A491 /* Frameworks */ = {
			isa = PBXFrameworksBuildPhase;
			buildActionMask = 2147483647;
			files = (
				F58CD14928E5CC6D0013D644 /* FirebaseAnalytics in Frameworks */,
				F58CD14B28E5CC6D0013D644 /* FirebaseAuth in Frameworks */,
				F58CD14D28E5CC6D0013D644 /* FirebaseDatabase in Frameworks */,
				F59377B028E73F0E00BF51C1 /* Alamofire in Frameworks */,
				F538EA8928DF0F5F0087E4EE /* Lottie in Frameworks */,
				F59377AD28E73EE500BF51C1 /* Kingfisher in Frameworks */,
			);
			runOnlyForDeploymentPostprocessing = 0;
		};
/* End PBXFrameworksBuildPhase section */

/* Begin PBXGroup section */
		12DC213A5970C4B14CEC8147 /* Repository */ = {
			isa = PBXGroup;
			children = (
				CE5619556F1FD14E0E27A1A1 /* FoodRepository.swift */,
				E7C3C1BF6FE3FCF28D9D33F3 /* CartRepository.swift */,
				58724C2D0D195FB926FC6BB4 /* FavoritesRepository.swift */,
			);
			path = Repository;
			sourceTree = "<group>";
		};
		14C9D439CE0FFC390CB6F1A7 /* Profile */ = {
			isa = PBXGroup;
			children = (
				16B9C08E9DFCFEA9CFF682EE /* ProfileViewModel.swift */,
				BEC393360B2D0CBD68962A73 /* ProfileViewController.swift */,
			);
			path = Profile;
			sourceTree = "<group>";
		};
		2341829E387C57B2E96D479D /* Favorites */ = {
			isa = PBXGroup;
			children = (
				EF53BC424418C9FA0F940CA3 /* FavoritesViewModel.swift */,
				F02C970F46916E187A505751 /* FavoritesViewController.swift */,
				43CED66A4A233D634B80CC14 /* Cells */,
			);
			path = Favorites;
			sourceTree = "<group>";
		};
		37E6331C1E18D7C1D9049574 /* Cells */ = {
			isa = PBXGroup;
			children = (
				0919204C29AE0D863DD1541E /* SliderCell.swift */,
				C6F17DA4094FD2CD80AFDDA1 /* FoodCell.swift */,
			);
			path = Cells;
			sourceTree = "<group>";
		};
		3C4D102848D8917E9D4FA3BD /* Login */ = {
			isa = PBXGroup;
			children = (
				8BA3A5113E487150F90831D4 /* LoginViewModel.swift */,
				ED275E75F742483687B05982 /* LoginViewController.swift */,
			);
			path = Login;
			sourceTree = "<group>";
		};
		424DC65E56402FEAF2A10106 /* Models */ = {
			isa = PBXGroup;
			children = (
				24567F3665384F5DC2B0E880 /* Food.swift */,
			);
			path = Models;
			sourceTree = "<group>";
		};
		43CED66A4A233D634B80CC14 /* Cells */ = {
			isa = PBXGroup;
			children = (
				F9231D285C9BD2A80D3BD5C2 /* FavoriteFoodCell.swift */,
			);
			path = Cells;
			sourceTree = "<group>";
		};
		4B4758DD11546231F1574D7D /* Network */ = {
			isa = PBXGroup;
			children = (
				9F7AB10DEEAFDB8AA599FC95 /* NetworkService.swift */,
			);
			path = Network;
			sourceTree = "<group>";
		};
		532AF4AC6C92A2DD083C9127 /* Coordinator */ = {
			isa = PBXGroup;
			children = (
				B8241E2F2296711BA47C8D6A /* Coordinator.swift */,
			);
			path = Coordinator;
			sourceTree = "<group>";
		};
		744E99C8DB0B5EB4FC123442 /* Core */ = {
			isa = PBXGroup;
			children = (
				532AF4AC6C92A2DD083C9127 /* Coordinator */,
				4B4758DD11546231F1574D7D /* Network */,
			);
			path = Core;
			sourceTree = "<group>";
		};
		748EA10EC2D270E7323103C7 /* Cart */ = {
			isa = PBXGroup;
			children = (
				6A7009CE10AD4323148B5EB7 /* CartViewModel.swift */,
				C624A7D6FAE90D420A1EE505 /* CartViewController.swift */,
				C95B56F76E7C0CF36D1BB64A /* Cells */,
			);
			path = Cart;
			sourceTree = "<group>";
		};
		AC80A94929AF872783B46742 /* FoodDetail */ = {
			isa = PBXGroup;
			children = (
				DBDFC331739DAC2E435703D5 /* FoodDetailViewModel.swift */,
				F6BEFD268C7F8934CD27E3C0 /* FoodDetailViewController.swift */,
			);
			path = FoodDetail;
			sourceTree = "<group>";
		};
		BB805E527B14FB1DD4D46D40 /* Auth */ = {
			isa = PBXGroup;
			children = (
				3C4D102848D8917E9D4FA3BD /* Login */,
				F2449D1FF5207A8311565D8A /* Register */,
			);
			path = Auth;
			sourceTree = "<group>";
		};
		C4DAF7794BC1379CF54BC76C /* Home */ = {
			isa = PBXGroup;
			children = (
				D4527DD99108C2F4C6596B91 /* HomeViewModel.swift */,
				705C3928741CE9EBAB51F0CC /* HomeViewController.swift */,
				37E6331C1E18D7C1D9049574 /* Cells */,
			);
			path = Home;
			sourceTree = "<group>";
		};
		C95B56F76E7C0CF36D1BB64A /* Cells */ = {
			isa = PBXGroup;
			children = (
				20665F83E135B93015CE89DE /* CartItemCell.swift */,
			);
			path = Cells;
			sourceTree = "<group>";
		};
		D32CA832F6541C6759909577 /* Coordinators */ = {
			isa = PBXGroup;
			children = (
				DA2C8BD7ADE00CAECD6A7631 /* AppCoordinator.swift */,
				6077155D4FC0E5985D6EDCFE /* AuthCoordinator.swift */,
				9FD5252E9A1CD1133CF11657 /* CartCoordinator.swift */,
				078D79AD8337A868EC86724A /* FavoritesCoordinator.swift */,
				71C62A9F07E2EB0274F77E1D /* FoodDetailCoordinator.swift */,
				F29BA8622B08F2CBEC062B2B /* HomeCoordinator.swift */,
				D7167F4D188AE9481959F339 /* TabBarCoordinator.swift */,
				2538FE05C6AD46EB43336F8A /* ProfileCoordinator.swift */,
			);
			path = Coordinators;
			sourceTree = "<group>";
		};
		F2449D1FF5207A8311565D8A /* Register */ = {
			isa = PBXGroup;
			children = (
				B9D21B2D3AFE802C98C96F7D /* RegisterViewModel.swift */,
				0310FC887F4ECC853DD13A9C /* RegisterViewController.swift */,
			);
			path = Register;
			sourceTree = "<group>";
		};
		F5002B6428DE5CB600E9A491 = {
			isa = PBXGroup;
			children = (
				F5002B6F28DE5CB600E9A491 /* Gurme */,
				F5002B6E28DE5CB600E9A491 /* Products */,
			);
			sourceTree = "<group>";
		};
		F5002B6E28DE5CB600E9A491 /* Products */ = {
			isa = PBXGroup;
			children = (
				F5002B6D28DE5CB600E9A491 /* Gurme.app */,
			);
			name = Products;
			sourceTree = "<group>";
		};
		F5002B6F28DE5CB600E9A491 /* Gurme */ = {
			isa = PBXGroup;
			children = (
				F5EF2C5928E70ED400F67BDD /* Entity */,
				F564C08828DFAF6100282EEE /* Scenes */,
				F538EA8628DF0E8A0087E4EE /* SplashScreenView */,
				F561BD4B28E8C3260010B920 /* TabBarController */,
				F522D92728E4588300881435 /* App Start */,
				F522D92628E4583900881435 /* Support Files */,
				744E99C8DB0B5EB4FC123442 /* Core */,
				424DC65E56402FEAF2A10106 /* Models */,
				12DC213A5970C4B14CEC8147 /* Repository */,
				D32CA832F6541C6759909577 /* Coordinators */,
			);
			path = Gurme;
			sourceTree = "<group>";
		};
		F514DD1B28E4623B00A7712F /* EnteringScreens */ = {
			isa = PBXGroup;
			children = (
				F514DD1C28E462B200A7712F /* WelcomeViewController.swift */,
			);
			path = EnteringScreens;
			sourceTree = "<group>";
		};
		F522D92528E457FF00881435 /* View */ = {
			isa = PBXGroup;
			children = (
				F564C08A28DFAFA700282EEE /* OnBoardingVC.swift */,
			);
			path = View;
			sourceTree = "<group>";
		};
		F522D92628E4583900881435 /* Support Files */ = {
			isa = PBXGroup;
			children = (
				F5002B7928DE5CB600E9A491 /* Assets.xcassets */,
				F5002B7E28DE5CB600E9A491 /* Info.plist */,
				F58CD14228E5C2720013D644 /* GoogleService-Info.plist */,
				F514DD2A28E4E6D500A7712F /* lock.json */,
				F596139428EA3FE500C6F7B9 /* tik.json */,
				F564C08628DFA82100282EEE /* burger.json */,
				F514DD2228E4B3C300A7712F /* account.json */,
				F561BD6A28E9CEB30010B920 /* deliveryBike.json */,
				F514DD2328E4B3C300A7712F /* party.json */,
				F514DD1E28E4699F00A7712F /* hii.json */,
				F58B39D528E08F7400C4ED62 /* discount.json */,
				F58B39CD28E0812700C4ED62 /* deliveryGuyOrder.json */,
				F58B39CB28E0812700C4ED62 /* motorcycleDelivery.json */,
				F58B39CC28E0812700C4ED62 /* order.json */,
				F58B39CE28E0812700C4ED62 /* orderFood.json */,
			);
			path = "Support Files";
			sourceTree = "<group>";
		};
		F522D92728E4588300881435 /* App Start */ = {
			isa = PBXGroup;
			children = (
				F5002B7228DE5CB600E9A491 /* SceneDelegate.swift */,
				F5002B7028DE5CB600E9A491 /* AppDelegate.swift */,
				F5002B7B28DE5CB600E9A491 /* LaunchScreen.storyboard */,
			);
			path = "App Start";
			sourceTree = "<group>";
		};
		F538EA8628DF0E8A0087E4EE /* SplashScreenView */ = {
			isa = PBXGroup;
			children = (
				F5002B7428DE5CB600E9A491 /* SplashScreenVC.swift */,
			);
			path = SplashScreenView;
			sourceTree = "<group>";
		};
		F561BD4B28E8C3260010B920 /* TabBarController */ = {
			isa = PBXGroup;
			children = (
				F58CD16028E62B280013D644 /* TabBarController.swift */,
			);
			path = TabBarController;
			sourceTree = "<group>";
		};
		F564C08828DFAF6100282EEE /* Scenes */ = {
			isa = PBXGroup;
			children = (
				F514DD1B28E4623B00A7712F /* EnteringScreens */,
				F564C08928DFAF7500282EEE /* OnBoarding */,
				C4DAF7794BC1379CF54BC76C /* Home */,
				2341829E387C57B2E96D479D /* Favorites */,
				748EA10EC2D270E7323103C7 /* Cart */,
				AC80A94929AF872783B46742 /* FoodDetail */,
				BB805E527B14FB1DD4D46D40 /* Auth */,
				14C9D439CE0FFC390CB6F1A7 /* Profile */,
			);
			path = Scenes;
			sourceTree = "<group>";
		};
		F564C08928DFAF7500282EEE /* OnBoarding */ = {
			isa = PBXGroup;
			children = (
				F522D92528E457FF00881435 /* View */,
				F564C08E28DFB44000282EEE /* Cell */,
				F564C08C28DFAFD300282EEE /* OnBoardingSlide.swift */,
			);
			path = OnBoarding;
			sourceTree = "<group>";
		};
		F564C08E28DFB44000282EEE /* Cell */ = {
			isa = PBXGroup;
			children = (
				F5DFCDEF2C42F24500600D05 /* OnBoardingCell.swift */,
			);
			path = Cell;
			sourceTree = "<group>";
		};
		F5EF2C5928E70ED400F67BDD /* Entity */ = {
			isa = PBXGroup;
			children = (
				F59377B128E7437200BF51C1 /* AllFood.swift */,
				F59377B328E743B100BF51C1 /* CartFood.swift */,
				F59377B528E746FB00BF51C1 /* AllFoodResponse.swift */,
				F59377B728E7475400BF51C1 /* CartFoodResponse.swift */,
				F5DFCDF32C42F5F500600D05 /* ItemsList.swift */,
				F5DFCDF52C42F80A00600D05 /* DetailPageEntity.swift */,
			);
			path = Entity;
			sourceTree = "<group>";
		};
/* End PBXGroup section */

/* Begin PBXNativeTarget section */
		F5002B6C28DE5CB600E9A491 /* Gurme */ = {
			isa = PBXNativeTarget;
			buildConfigurationList = F5002B8128DE5CB600E9A491 /* Build configuration list for PBXNativeTarget "Gurme" */;
			buildPhases = (
				F5002B6928DE5CB600E9A491 /* Sources */,
				F5002B6A28DE5CB600E9A491 /* Frameworks */,
				F5002B6B28DE5CB600E9A491 /* Resources */,
			);
			buildRules = (
			);
			dependencies = (
			);
			name = Gurme;
			packageProductDependencies = (
				F538EA8828DF0F5F0087E4EE /* Lottie */,
				F58CD14828E5CC6D0013D644 /* FirebaseAnalytics */,
				F58CD14A28E5CC6D0013D644 /* FirebaseAuth */,
				F58CD14C28E5CC6D0013D644 /* FirebaseDatabase */,
				F59377AC28E73EE500BF51C1 /* Kingfisher */,
				F59377AF28E73F0E00BF51C1 /* Alamofire */,
			);
			productName = Gurme;
			productReference = F5002B6D28DE5CB600E9A491 /* Gurme.app */;
			productType = "com.apple.product-type.application";
		};
/* End PBXNativeTarget section */

/* Begin PBXProject section */
		F5002B6528DE5CB600E9A491 /* Project object */ = {
			isa = PBXProject;
			attributes = {
				BuildIndependentTargetsInParallel = 1;
				LastSwiftUpdateCheck = 1400;
				LastUpgradeCheck = 1400;
				TargetAttributes = {
					F5002B6C28DE5CB600E9A491 = {
						CreatedOnToolsVersion = 14.0;
					};
				};
			};
			buildConfigurationList = F5002B6828DE5CB600E9A491 /* Build configuration list for PBXProject "Gurme" */;
			compatibilityVersion = "Xcode 14.0";
			developmentRegion = en;
			hasScannedForEncodings = 0;
			knownRegions = (
				en,
				Base,
			);
			mainGroup = F5002B6428DE5CB600E9A491;
			packageReferences = (
				F538EA8728DF0F5F0087E4EE /* XCRemoteSwiftPackageReference "lottie-ios" */,
				F58CD14728E5CC6D0013D644 /* XCRemoteSwiftPackageReference "firebase-ios-sdk" */,
				F59377AB28E73EE500BF51C1 /* XCRemoteSwiftPackageReference "Kingfisher" */,
				F59377AE28E73F0E00BF51C1 /* XCRemoteSwiftPackageReference "Alamofire" */,
			);
			productRefGroup = F5002B6E28DE5CB600E9A491 /* Products */;
			projectDirPath = "";
			projectRoot = "";
			targets = (
				F5002B6C28DE5CB600E9A491 /* Gurme */,
			);
		};
/* End PBXProject section */

/* Begin PBXResourcesBuildPhase section */
		F5002B6B28DE5CB600E9A491 /* Resources */ = {
			isa = PBXResourcesBuildPhase;
			buildActionMask = 2147483647;
			files = (
				F58B39D028E0812700C4ED62 /* motorcycleDelivery.json in Resources */,
				F514DD2428E4B3C300A7712F /* account.json in Resources */,
				F58CD14328E5C2720013D644 /* GoogleService-Info.plist in Resources */,
				F596139528EA3FE500C6F7B9 /* tik.json in Resources */,
				F514DD2528E4B3C300A7712F /* party.json in Resources */,
				F58B39D628E08F7400C4ED62 /* discount.json in Resources */,
				F58B39D228E0812700C4ED62 /* deliveryGuyOrder.json in Resources */,
				F5002B7D28DE5CB600E9A491 /* LaunchScreen.storyboard in Resources */,
				F561BD6B28E9CEB30010B920 /* deliveryBike.json in Resources */,
				F58B39D328E0812700C4ED62 /* orderFood.json in Resources */,
				F5002B7A28DE5CB600E9A491 /* Assets.xcassets in Resources */,
				F564C08728DFA82100282EEE /* burger.json in Resources */,
				F514DD2B28E4E6D500A7712F /* lock.json in Resources */,
				F514DD1F28E4699F00A7712F /* hii.json in Resources */,
				F58B39D128E0812700C4ED62 /* order.json in Resources */,
			);
			runOnlyForDeploymentPostprocessing = 0;
		};
/* End PBXResourcesBuildPhase section */

/* Begin PBXSourcesBuildPhase section */
		F5002B6928DE5CB600E9A491 /* Sources */ = {
			isa = PBXSourcesBuildPhase;
			buildActionMask = 2147483647;
			files = (
				F5DFCDF12C42F24500600D05 /* OnBoardingCell.swift in Sources */,
				F564C08B28DFAFA700282EEE /* OnBoardingVC.swift in Sources */,
				F5DFCDF62C42F80A00600D05 /* DetailPageEntity.swift in Sources */,
				F59377B428E743B100BF51C1 /* CartFood.swift in Sources */,
				F5002B7528DE5CB600E9A491 /* SplashScreenVC.swift in Sources */,
				F5002B7128DE5CB600E9A491 /* AppDelegate.swift in Sources */,
				F564C08D28DFAFD300282EEE /* OnBoardingSlide.swift in Sources */,
				F59377B228E7437200BF51C1 /* AllFood.swift in Sources */,
				F59377B828E7475400BF51C1 /* CartFoodResponse.swift in Sources */,
				F58CD16128E62B280013D644 /* TabBarController.swift in Sources */,
				F5002B7328DE5CB600E9A491 /* SceneDelegate.swift in Sources */,
				F59377B628E746FB00BF51C1 /* AllFoodResponse.swift in Sources */,
				F5DFCDF42C42F5F500600D05 /* ItemsList.swift in Sources */,
				F514DD1D28E462B200A7712F /* WelcomeViewController.swift in Sources */,
				EC83DE605FB33A181CC5CFE2 /* Coordinator.swift in Sources */,
				359ABD83B7C7D875F80C248B /* NetworkService.swift in Sources */,
				8674C9F799DE4DF09130FF17 /* Food.swift in Sources */,
				04E0C4A67F371242AE225035 /* FoodRepository.swift in Sources */,
				D3795DF2C8336371AD6F7DF6 /* CartRepository.swift in Sources */,
				5CAEF5549D7A868C46463344 /* FavoritesRepository.swift in Sources */,
				CDD7F9A956AE23D9C92A7B5F /* AppCoordinator.swift in Sources */,
				EB926A8907FCFEFEF9504A3A /* AuthCoordinator.swift in Sources */,
				271DE4905BCF32AF54D6EE5C /* CartCoordinator.swift in Sources */,
				EC8915E67926F06D391CF68B /* FavoritesCoordinator.swift in Sources */,
				DA34724028677476A99B2CAE /* FoodDetailCoordinator.swift in Sources */,
				284AA4D8E56362D6C2EA04E0 /* HomeCoordinator.swift in Sources */,
				E92AA0848FE41217E699D193 /* TabBarCoordinator.swift in Sources */,
				987E48EEE5E1FBD42DE304D9 /* HomeViewModel.swift in Sources */,
				EA2D3190B19AF0945D56D155 /* HomeViewController.swift in Sources */,
				F1B51D1B3DAFF95D9547C14D /* SliderCell.swift in Sources */,
				78752379D7A198F91C7EE6C2 /* FoodCell.swift in Sources */,
				76AFBABEC776A7310EB6C957 /* FavoritesViewModel.swift in Sources */,
				FF7B88CF217351D221DF58F3 /* FavoritesViewController.swift in Sources */,
				54A3E2C9281E9A17A2396083 /* FavoriteFoodCell.swift in Sources */,
				59E86F93E7F7E5D505CB73F4 /* CartViewModel.swift in Sources */,
				D22DE626DBE77F684FEA64E3 /* CartViewController.swift in Sources */,
				9D0CDC12C6120767CACB7A47 /* CartItemCell.swift in Sources */,
				D5976EFB55FB8A16EBF00FD9 /* FoodDetailViewModel.swift in Sources */,
				78B45A0225E89B04092522AD /* FoodDetailViewController.swift in Sources */,
				584E725F519E6B525FD81FAD /* LoginViewModel.swift in Sources */,
				52B119FF23E4226D87674778 /* LoginViewController.swift in Sources */,
				57BCD42C396A1C19ED362613 /* RegisterViewModel.swift in Sources */,
				5E3C056355EF63F379F3A8D4 /* RegisterViewController.swift in Sources */,
				C4A1781FC601CAC4703F1E1A /* ProfileViewModel.swift in Sources */,
				BB95FAF19B60BBC26093B14E /* ProfileViewController.swift in Sources */,
				0A03BD95DB5AAD09E22502A5 /* ProfileCoordinator.swift in Sources */,
			);
			runOnlyForDeploymentPostprocessing = 0;
		};
/* End PBXSourcesBuildPhase section */

/* Begin PBXVariantGroup section */
		F5002B7B28DE5CB600E9A491 /* LaunchScreen.storyboard */ = {
			isa = PBXVariantGroup;
			children = (
				F5002B7C28DE5CB600E9A491 /* Base */,
			);
			name = LaunchScreen.storyboard;
			sourceTree = "<group>";
		};
/* End PBXVariantGroup section */

/* Begin XCBuildConfiguration section */
		F5002B7F28DE5CB600E9A491 /* Debug */ = {
			isa = XCBuildConfiguration;
			buildSettings = {
				ALWAYS_SEARCH_USER_PATHS = NO;
				CLANG_ANALYZER_NONNULL = YES;
				CLANG_ANALYZER_NUMBER_OBJECT_CONVERSION = YES_AGGRESSIVE;
				CLANG_CXX_LANGUAGE_STANDARD = "gnu++20";
				CLANG_ENABLE_MODULES = YES;
				CLANG_ENABLE_OBJC_ARC = YES;
				CLANG_ENABLE_OBJC_WEAK = YES;
				CLANG_WARN_BLOCK_CAPTURE_AUTORELEASING = YES;
				CLANG_WARN_BOOL_CONVERSION = YES;
				CLANG_WARN_COMMA = YES;
				CLANG_WARN_CONSTANT_CONVERSION = YES;
				CLANG_WARN_DEPRECATED_OBJC_IMPLEMENTATIONS = YES;
				CLANG_WARN_DIRECT_OBJC_ISA_USAGE = YES_ERROR;
				CLANG_WARN_DOCUMENTATION_COMMENTS = YES;
				CLANG_WARN_EMPTY_BODY = YES;
				CLANG_WARN_ENUM_CONVERSION = YES;
				CLANG_WARN_INFINITE_RECURSION = YES;
				CLANG_WARN_INT_CONVERSION = YES;
				CLANG_WARN_NON_LITERAL_NULL_CONVERSION = YES;
				CLANG_WARN_OBJC_IMPLICIT_RETAIN_SELF = YES;
				CLANG_WARN_OBJC_LITERAL_CONVERSION = YES;
				CLANG_WARN_OBJC_ROOT_CLASS = YES_ERROR;
				CLANG_WARN_QUOTED_INCLUDE_IN_FRAMEWORK_HEADER = YES;
				CLANG_WARN_RANGE_LOOP_ANALYSIS = YES;
				CLANG_WARN_STRICT_PROTOTYPES = YES;
				CLANG_WARN_SUSPICIOUS_MOVE = YES;
				CLANG_WARN_UNGUARDED_AVAILABILITY = YES_AGGRESSIVE;
				CLANG_WARN_UNREACHABLE_CODE = YES;
				CLANG_WARN__DUPLICATE_METHOD_MATCH = YES;
				COPY_PHASE_STRIP = NO;
				DEBUG_INFORMATION_FORMAT = dwarf;
				ENABLE_STRICT_OBJC_MSGSEND = YES;
				ENABLE_TESTABILITY = YES;
				GCC_C_LANGUAGE_STANDARD = gnu11;
				GCC_DYNAMIC_NO_PIC = NO;
				GCC_NO_COMMON_BLOCKS = YES;
				GCC_OPTIMIZATION_LEVEL = 0;
				GCC_PREPROCESSOR_DEFINITIONS = (
					"DEBUG=1",
					"$(inherited)",
				);
				GCC_WARN_64_TO_32_BIT_CONVERSION = YES;
				GCC_WARN_ABOUT_RETURN_TYPE = YES_ERROR;
				GCC_WARN_UNDECLARED_SELECTOR = YES;
				GCC_WARN_UNINITIALIZED_AUTOS = YES_AGGRESSIVE;
				GCC_WARN_UNUSED_FUNCTION = YES;
				GCC_WARN_UNUSED_VARIABLE = YES;
				IPHONEOS_DEPLOYMENT_TARGET = 15.0;
				MTL_ENABLE_DEBUG_INFO = INCLUDE_SOURCE;
				MTL_FAST_MATH = YES;
				ONLY_ACTIVE_ARCH = YES;
				SDKROOT = iphoneos;
				SWIFT_ACTIVE_COMPILATION_CONDITIONS = DEBUG;
				SWIFT_OPTIMIZATION_LEVEL = "-Onone";
			};
			name = Debug;
		};
		F5002B8028DE5CB600E9A491 /* Release */ = {
			isa = XCBuildConfiguration;
			buildSettings = {
				ALWAYS_SEARCH_USER_PATHS = NO;
				CLANG_ANALYZER_NONNULL = YES;
				CLANG_ANALYZER_NUMBER_OBJECT_CONVERSION = YES_AGGRESSIVE;
				CLANG_CXX_LANGUAGE_STANDARD = "gnu++20";
				CLANG_ENABLE_MODULES = YES;
				CLANG_ENABLE_OBJC_ARC = YES;
				CLANG_ENABLE_OBJC_WEAK = YES;
				CLANG_WARN_BLOCK_CAPTURE_AUTORELEASING = YES;
				CLANG_WARN_BOOL_CONVERSION = YES;
				CLANG_WARN_COMMA = YES;
				CLANG_WARN_CONSTANT_CONVERSION = YES;
				CLANG_WARN_DEPRECATED_OBJC_IMPLEMENTATIONS = YES;
				CLANG_WARN_DIRECT_OBJC_ISA_USAGE = YES_ERROR;
				CLANG_WARN_DOCUMENTATION_COMMENTS = YES;
				CLANG_WARN_EMPTY_BODY = YES;
				CLANG_WARN_ENUM_CONVERSION = YES;
				CLANG_WARN_INFINITE_RECURSION = YES;
				CLANG_WARN_INT_CONVERSION = YES;
				CLANG_WARN_NON_LITERAL_NULL_CONVERSION = YES;
				CLANG_WARN_OBJC_IMPLICIT_RETAIN_SELF = YES;
				CLANG_WARN_OBJC_LITERAL_CONVERSION = YES;
				CLANG_WARN_OBJC_ROOT_CLASS = YES_ERROR;
				CLANG_WARN_QUOTED_INCLUDE_IN_FRAMEWORK_HEADER = YES;
				CLANG_WARN_RANGE_LOOP_ANALYSIS = YES;
				CLANG_WARN_STRICT_PROTOTYPES = YES;
				CLANG_WARN_SUSPICIOUS_MOVE = YES;
				CLANG_WARN_UNGUARDED_AVAILABILITY = YES_AGGRESSIVE;
				CLANG_WARN_UNREACHABLE_CODE = YES;
				CLANG_WARN__DUPLICATE_METHOD_MATCH = YES;
				COPY_PHASE_STRIP = NO;
				DEBUG_INFORMATION_FORMAT = "dwarf-with-dsym";
				ENABLE_NS_ASSERTIONS = NO;
				ENABLE_STRICT_OBJC_MSGSEND = YES;
				GCC_C_LANGUAGE_STANDARD = gnu11;
				GCC_NO_COMMON_BLOCKS = YES;
				GCC_WARN_64_TO_32_BIT_CONVERSION = YES;
				GCC_WARN_ABOUT_RETURN_TYPE = YES_ERROR;
				GCC_WARN_UNDECLARED_SELECTOR = YES;
				GCC_WARN_UNINITIALIZED_AUTOS = YES_AGGRESSIVE;
				GCC_WARN_UNUSED_FUNCTION = YES;
				GCC_WARN_UNUSED_VARIABLE = YES;
				IPHONEOS_DEPLOYMENT_TARGET = 15.0;
				MTL_ENABLE_DEBUG_INFO = NO;
				MTL_FAST_MATH = YES;
				SDKROOT = iphoneos;
				SWIFT_COMPILATION_MODE = wholemodule;
				SWIFT_OPTIMIZATION_LEVEL = "-O";
				VALIDATE_PRODUCT = YES;
			};
			name = Release;
		};
		F5002B8228DE5CB600E9A491 /* Debug */ = {
			isa = XCBuildConfiguration;
			buildSettings = {
				ASSETCATALOG_COMPILER_APPICON_NAME = AppIcon;
				ASSETCATALOG_COMPILER_GLOBAL_ACCENT_COLOR_NAME = AccentColor;
				CODE_SIGN_STYLE = Automatic;
				CURRENT_PROJECT_VERSION = 1;
				DEVELOPMENT_TEAM = 2D4ZSKQP5M;
				GENERATE_INFOPLIST_FILE = YES;
				INFOPLIST_FILE = "Gurme/Support Files/Info.plist";
				INFOPLIST_KEY_UIApplicationSupportsIndirectInputEvents = YES;
				INFOPLIST_KEY_UILaunchStoryboardName = LaunchScreen;
				INFOPLIST_KEY_UIMainStoryboardFile = "";
				INFOPLIST_KEY_UISupportedInterfaceOrientations_iPad = "UIInterfaceOrientationPortrait UIInterfaceOrientationPortraitUpsideDown UIInterfaceOrientationLandscapeLeft UIInterfaceOrientationLandscapeRight";
				INFOPLIST_KEY_UISupportedInterfaceOrientations_iPhone = "UIInterfaceOrientationPortrait UIInterfaceOrientationLandscapeLeft UIInterfaceOrientationLandscapeRight";
				IPHONEOS_DEPLOYMENT_TARGET = 15.0;
				LD_RUNPATH_SEARCH_PATHS = (
					"$(inherited)",
					"@executable_path/Frameworks",
				);
				MARKETING_VERSION = 1.0.1;
				PRODUCT_BUNDLE_IDENTIFIER = com.emrekocak.Gurme;
				PRODUCT_NAME = "$(TARGET_NAME)";
				SWIFT_EMIT_LOC_STRINGS = YES;
				SWIFT_VERSION = 5.0;
				TARGETED_DEVICE_FAMILY = "1,2";
			};
			name = Debug;
		};
		F5002B8328DE5CB600E9A491 /* Release */ = {
			isa = XCBuildConfiguration;
			buildSettings = {
				ASSETCATALOG_COMPILER_APPICON_NAME = AppIcon;
				ASSETCATALOG_COMPILER_GLOBAL_ACCENT_COLOR_NAME = AccentColor;
				CODE_SIGN_STYLE = Automatic;
				CURRENT_PROJECT_VERSION = 1;
				DEVELOPMENT_TEAM = 2D4ZSKQP5M;
				GENERATE_INFOPLIST_FILE = YES;
				INFOPLIST_FILE = "Gurme/Support Files/Info.plist";
				INFOPLIST_KEY_UIApplicationSupportsIndirectInputEvents = YES;
				INFOPLIST_KEY_UILaunchStoryboardName = LaunchScreen;
				INFOPLIST_KEY_UIMainStoryboardFile = "";
				INFOPLIST_KEY_UISupportedInterfaceOrientations_iPad = "UIInterfaceOrientationPortrait UIInterfaceOrientationPortraitUpsideDown UIInterfaceOrientationLandscapeLeft UIInterfaceOrientationLandscapeRight";
				INFOPLIST_KEY_UISupportedInterfaceOrientations_iPhone = "UIInterfaceOrientationPortrait UIInterfaceOrientationLandscapeLeft UIInterfaceOrientationLandscapeRight";
				IPHONEOS_DEPLOYMENT_TARGET = 15.0;
				LD_RUNPATH_SEARCH_PATHS = (
					"$(inherited)",
					"@executable_path/Frameworks",
				);
				MARKETING_VERSION = 1.0.1;
				PRODUCT_BUNDLE_IDENTIFIER = com.emrekocak.Gurme;
				PRODUCT_NAME = "$(TARGET_NAME)";
				SWIFT_EMIT_LOC_STRINGS = YES;
				SWIFT_VERSION = 5.0;
				TARGETED_DEVICE_FAMILY = "1,2";
			};
			name = Release;
		};
/* End XCBuildConfiguration section */

/* Begin XCConfigurationList section */
		F5002B6828DE5CB600E9A491 /* Build configuration list for PBXProject "Gurme" */ = {
			isa = XCConfigurationList;
			buildConfigurations = (
				F5002B7F28DE5CB600E9A491 /* Debug */,
				F5002B8028DE5CB600E9A491 /* Release */,
			);
			defaultConfigurationIsVisible = 0;
			defaultConfigurationName = Release;
		};
		F5002B8128DE5CB600E9A491 /* Build configuration list for PBXNativeTarget "Gurme" */ = {
			isa = XCConfigurationList;
			buildConfigurations = (
				F5002B8228DE5CB600E9A491 /* Debug */,
				F5002B8328DE5CB600E9A491 /* Release */,
			);
			defaultConfigurationIsVisible = 0;
			defaultConfigurationName = Release;
		};
/* End XCConfigurationList section */

/* Begin XCRemoteSwiftPackageReference section */
		F538EA8728DF0F5F0087E4EE /* XCRemoteSwiftPackageReference "lottie-ios" */ = {
			isa = XCRemoteSwiftPackageReference;
			repositoryURL = "https://github.com/airbnb/lottie-ios.git";
			requirement = {
				branch = master;
				kind = branch;
			};
		};
		F58CD14728E5CC6D0013D644 /* XCRemoteSwiftPackageReference "firebase-ios-sdk" */ = {
			isa = XCRemoteSwiftPackageReference;
			repositoryURL = "https://github.com/firebase/firebase-ios-sdk.git";
			requirement = {
				kind = upToNextMajorVersion;
				minimumVersion = 9.0.0;
			};
		};
		F59377AB28E73EE500BF51C1 /* XCRemoteSwiftPackageReference "Kingfisher" */ = {
			isa = XCRemoteSwiftPackageReference;
			repositoryURL = "https://github.com/onevcat/Kingfisher.git";
			requirement = {
				kind = upToNextMajorVersion;
				minimumVersion = 7.0.0;
			};
		};
		F59377AE28E73F0E00BF51C1 /* XCRemoteSwiftPackageReference "Alamofire" */ = {
			isa = XCRemoteSwiftPackageReference;
			repositoryURL = "https://github.com/Alamofire/Alamofire.git";
			requirement = {
				kind = upToNextMajorVersion;
				minimumVersion = 5.0.0;
			};
		};
/* End XCRemoteSwiftPackageReference section */

/* Begin XCSwiftPackageProductDependency section */
		F538EA8828DF0F5F0087E4EE /* Lottie */ = {
			isa = XCSwiftPackageProductDependency;
			package = F538EA8728DF0F5F0087E4EE /* XCRemoteSwiftPackageReference "lottie-ios" */;
			productName = Lottie;
		};
		F58CD14828E5CC6D0013D644 /* FirebaseAnalytics */ = {
			isa = XCSwiftPackageProductDependency;
			package = F58CD14728E5CC6D0013D644 /* XCRemoteSwiftPackageReference "firebase-ios-sdk" */;
			productName = FirebaseAnalytics;
		};
		F58CD14A28E5CC6D0013D644 /* FirebaseAuth */ = {
			isa = XCSwiftPackageProductDependency;
			package = F58CD14728E5CC6D0013D644 /* XCRemoteSwiftPackageReference "firebase-ios-sdk" */;
			productName = FirebaseAuth;
		};
		F58CD14C28E5CC6D0013D644 /* FirebaseDatabase */ = {
			isa = XCSwiftPackageProductDependency;
			package = F58CD14728E5CC6D0013D644 /* XCRemoteSwiftPackageReference "firebase-ios-sdk" */;
			productName = FirebaseDatabase;
		};
		F59377AC28E73EE500BF51C1 /* Kingfisher */ = {
			isa = XCSwiftPackageProductDependency;
			package = F59377AB28E73EE500BF51C1 /* XCRemoteSwiftPackageReference "Kingfisher" */;
			productName = Kingfisher;
		};
		F59377AF28E73F0E00BF51C1 /* Alamofire */ = {
			isa = XCSwiftPackageProductDependency;
			package = F59377AE28E73F0E00BF51C1 /* XCRemoteSwiftPackageReference "Alamofire" */;
			productName = Alamofire;
		};
/* End XCSwiftPackageProductDependency section */
	};
	rootObject = F5002B6528DE5CB600E9A491 /* Project object */;
}
